// !$*UTF8*$!
{
	archiveVersion = 1;
	classes = {
	};
	objectVersion = 55;
	objects = {

/* Begin PBXBuildFile section */
		00F2F1082886ED89008C0710 /* AppDelegate.swift in Sources */ = {isa = PBXBuildFile; fileRef = 00F2F1072886ED89008C0710 /* AppDelegate.swift */; };
		00F2F10A2886ED89008C0710 /* SceneDelegate.swift in Sources */ = {isa = PBXBuildFile; fileRef = 00F2F1092886ED89008C0710 /* SceneDelegate.swift */; };
		00F2F10F2886ED89008C0710 /* Main.storyboard in Resources */ = {isa = PBXBuildFile; fileRef = 00F2F10D2886ED89008C0710 /* Main.storyboard */; };
		00F2F1112886ED8B008C0710 /* Assets.xcassets in Resources */ = {isa = PBXBuildFile; fileRef = 00F2F1102886ED8B008C0710 /* Assets.xcassets */; };
		00F2F1142886ED8B008C0710 /* LaunchScreen.storyboard in Resources */ = {isa = PBXBuildFile; fileRef = 00F2F1122886ED8B008C0710 /* LaunchScreen.storyboard */; };
		00F2F11C2886EE06008C0710 /* MainTableViewController.swift in Sources */ = {isa = PBXBuildFile; fileRef = 00F2F11B2886EE06008C0710 /* MainTableViewController.swift */; };
		00F2F1222886F103008C0710 /* CollectionViewTableViewCell.swift in Sources */ = {isa = PBXBuildFile; fileRef = 00F2F1212886F103008C0710 /* CollectionViewTableViewCell.swift */; };
		00F2F124288736DD008C0710 /* Albums.swift in Sources */ = {isa = PBXBuildFile; fileRef = 00F2F123288736DD008C0710 /* Albums.swift */; };
		00F2F1272887378F008C0710 /* NetworkManager.swift in Sources */ = {isa = PBXBuildFile; fileRef = 00F2F1262887378F008C0710 /* NetworkManager.swift */; };
		00F2F12928875AC0008C0710 /* AlbumsCollectionViewCell.swift in Sources */ = {isa = PBXBuildFile; fileRef = 00F2F12828875AC0008C0710 /* AlbumsCollectionViewCell.swift */; };
		00F2F12C28875BEC008C0710 /* Kingfisher in Frameworks */ = {isa = PBXBuildFile; productRef = 00F2F12B28875BEC008C0710 /* Kingfisher */; };
/* End PBXBuildFile section */

/* Begin PBXFileReference section */
		00F2F1042886ED89008C0710 /* MusicPlayers.app */ = {isa = PBXFileReference; explicitFileType = wrapper.application; includeInIndex = 0; path = MusicPlayers.app; sourceTree = BUILT_PRODUCTS_DIR; };
		00F2F1072886ED89008C0710 /* AppDelegate.swift */ = {isa = PBXFileReference; lastKnownFileType = sourcecode.swift; path = AppDelegate.swift; sourceTree = "<group>"; };
		00F2F1092886ED89008C0710 /* SceneDelegate.swift */ = {isa = PBXFileReference; lastKnownFileType = sourcecode.swift; path = SceneDelegate.swift; sourceTree = "<group>"; };
		00F2F10E2886ED89008C0710 /* Base */ = {isa = PBXFileReference; lastKnownFileType = file.storyboard; name = Base; path = Base.lproj/Main.storyboard; sourceTree = "<group>"; };
		00F2F1102886ED8B008C0710 /* Assets.xcassets */ = {isa = PBXFileReference; lastKnownFileType = folder.assetcatalog; path = Assets.xcassets; sourceTree = "<group>"; };
		00F2F1132886ED8B008C0710 /* Base */ = {isa = PBXFileReference; lastKnownFileType = file.storyboard; name = Base; path = Base.lproj/LaunchScreen.storyboard; sourceTree = "<group>"; };
		00F2F1152886ED8B008C0710 /* Info.plist */ = {isa = PBXFileReference; lastKnownFileType = text.plist.xml; path = Info.plist; sourceTree = "<group>"; };
		00F2F11B2886EE06008C0710 /* MainTableViewController.swift */ = {isa = PBXFileReference; lastKnownFileType = sourcecode.swift; path = MainTableViewController.swift; sourceTree = "<group>"; };
		00F2F1212886F103008C0710 /* CollectionViewTableViewCell.swift */ = {isa = PBXFileReference; lastKnownFileType = sourcecode.swift; path = CollectionViewTableViewCell.swift; sourceTree = "<group>"; };
		00F2F123288736DD008C0710 /* Albums.swift */ = {isa = PBXFileReference; lastKnownFileType = sourcecode.swift; path = Albums.swift; sourceTree = "<group>"; };
		00F2F1262887378F008C0710 /* NetworkManager.swift */ = {isa = PBXFileReference; lastKnownFileType = sourcecode.swift; path = NetworkManager.swift; sourceTree = "<group>"; };
		00F2F12828875AC0008C0710 /* AlbumsCollectionViewCell.swift */ = {isa = PBXFileReference; lastKnownFileType = sourcecode.swift; path = AlbumsCollectionViewCell.swift; sourceTree = "<group>"; };
/* End PBXFileReference section */

/* Begin PBXFrameworksBuildPhase section */
		00F2F1012886ED89008C0710 /* Frameworks */ = {
			isa = PBXFrameworksBuildPhase;
			buildActionMask = 2147483647;
			files = (
				00F2F12C28875BEC008C0710 /* Kingfisher in Frameworks */,
			);
			runOnlyForDeploymentPostprocessing = 0;
		};
/* End PBXFrameworksBuildPhase section */

/* Begin PBXGroup section */
		00F2F0FB2886ED89008C0710 = {
			isa = PBXGroup;
			children = (
				00F2F1062886ED89008C0710 /* MusicPlayers */,
				00F2F1052886ED89008C0710 /* Products */,
			);
			sourceTree = "<group>";
		};
		00F2F1052886ED89008C0710 /* Products */ = {
			isa = PBXGroup;
			children = (
				00F2F1042886ED89008C0710 /* MusicPlayers.app */,
			);
			name = Products;
			sourceTree = "<group>";
		};
		00F2F1062886ED89008C0710 /* MusicPlayers */ = {
			isa = PBXGroup;
			children = (
				00F2F1252887377D008C0710 /* Network */,
				00F2F1202886F088008C0710 /* Controllers */,
				00F2F11F2886F067008C0710 /* ViewModels */,
				00F2F11E2886F060008C0710 /* Views */,
				00F2F11D2886F05B008C0710 /* Models */,
				00F2F1072886ED89008C0710 /* AppDelegate.swift */,
				00F2F1092886ED89008C0710 /* SceneDelegate.swift */,
				00F2F1102886ED8B008C0710 /* Assets.xcassets */,
				00F2F1152886ED8B008C0710 /* Info.plist */,
			);
			path = MusicPlayers;
			sourceTree = "<group>";
		};
		00F2F11D2886F05B008C0710 /* Models */ = {
			isa = PBXGroup;
			children = (
				00F2F123288736DD008C0710 /* Albums.swift */,
			);
			path = Models;
			sourceTree = "<group>";
		};
		00F2F11E2886F060008C0710 /* Views */ = {
			isa = PBXGroup;
			children = (
				00F2F1212886F103008C0710 /* CollectionViewTableViewCell.swift */,
				00F2F10D2886ED89008C0710 /* Main.storyboard */,
				00F2F1122886ED8B008C0710 /* LaunchScreen.storyboard */,
				00F2F12828875AC0008C0710 /* AlbumsCollectionViewCell.swift */,
			);
			path = Views;
			sourceTree = "<group>";
		};
		00F2F11F2886F067008C0710 /* ViewModels */ = {
			isa = PBXGroup;
			children = (
			);
			path = ViewModels;
			sourceTree = "<group>";
		};
		00F2F1202886F088008C0710 /* Controllers */ = {
			isa = PBXGroup;
			children = (
				00F2F11B2886EE06008C0710 /* MainTableViewController.swift */,
			);
			path = Controllers;
			sourceTree = "<group>";
		};
		00F2F1252887377D008C0710 /* Network */ = {
			isa = PBXGroup;
			children = (
				00F2F1262887378F008C0710 /* NetworkManager.swift */,
			);
			path = Network;
			sourceTree = "<group>";
		};
/* End PBXGroup section */

/* Begin PBXNativeTarget section */
		00F2F1032886ED89008C0710 /* MusicPlayers */ = {
			isa = PBXNativeTarget;
			buildConfigurationList = 00F2F1182886ED8B008C0710 /* Build configuration list for PBXNativeTarget "MusicPlayers" */;
			buildPhases = (
				00F2F1002886ED89008C0710 /* Sources */,
				00F2F1012886ED89008C0710 /* Frameworks */,
				00F2F1022886ED89008C0710 /* Resources */,
			);
			buildRules = (
			);
			dependencies = (
			);
			name = MusicPlayers;
			packageProductDependencies = (
				00F2F12B28875BEC008C0710 /* Kingfisher */,
			);
			productName = MusicPlayers;
			productReference = 00F2F1042886ED89008C0710 /* MusicPlayers.app */;
			productType = "com.apple.product-type.application";
		};
/* End PBXNativeTarget section */

/* Begin PBXProject section */
		00F2F0FC2886ED89008C0710 /* Project object */ = {
			isa = PBXProject;
			attributes = {
				BuildIndependentTargetsInParallel = 1;
				LastSwiftUpdateCheck = 1340;
				LastUpgradeCheck = 1340;
				TargetAttributes = {
					00F2F1032886ED89008C0710 = {
						CreatedOnToolsVersion = 13.4.1;
					};
				};
			};
			buildConfigurationList = 00F2F0FF2886ED89008C0710 /* Build configuration list for PBXProject "MusicPlayers" */;
			compatibilityVersion = "Xcode 13.0";
			developmentRegion = en;
			hasScannedForEncodings = 0;
			knownRegions = (
				en,
				Base,
			);
			mainGroup = 00F2F0FB2886ED89008C0710;
			packageReferences = (
				00F2F12A28875BEC008C0710 /* XCRemoteSwiftPackageReference "Kingfisher" */,
			);
			productRefGroup = 00F2F1052886ED89008C0710 /* Products */;
			projectDirPath = "";
			projectRoot = "";
			targets = (
				00F2F1032886ED89008C0710 /* MusicPlayers */,
			);
		};
/* End PBXProject section */

/* Begin PBXResourcesBuildPhase section */
		00F2F1022886ED89008C0710 /* Resources */ = {
			isa = PBXResourcesBuildPhase;
			buildActionMask = 2147483647;
			files = (
				00F2F1142886ED8B008C0710 /* LaunchScreen.storyboard in Resources */,
				00F2F1112886ED8B008C0710 /* Assets.xcassets in Resources */,
				00F2F10F2886ED89008C0710 /* Main.storyboard in Resources */,
			);
			runOnlyForDeploymentPostprocessing = 0;
		};
/* End PBXResourcesBuildPhase section */

/* Begin PBXSourcesBuildPhase section */
		00F2F1002886ED89008C0710 /* Sources */ = {
			isa = PBXSourcesBuildPhase;
			buildActionMask = 2147483647;
			files = (
				00F2F1272887378F008C0710 /* NetworkManager.swift in Sources */,
				00F2F124288736DD008C0710 /* Albums.swift in Sources */,
				00F2F1082886ED89008C0710 /* AppDelegate.swift in Sources */,
				00F2F11C2886EE06008C0710 /* MainTableViewController.swift in Sources */,
				00F2F1222886F103008C0710 /* CollectionViewTableViewCell.swift in Sources */,
				00F2F10A2886ED89008C0710 /* SceneDelegate.swift in Sources */,
				00F2F12928875AC0008C0710 /* AlbumsCollectionViewCell.swift in Sources */,
			);
			runOnlyForDeploymentPostprocessing = 0;
		};
/* End PBXSourcesBuildPhase section */

/* Begin PBXVariantGroup section */
		00F2F10D2886ED89008C0710 /* Main.storyboard */ = {
			isa = PBXVariantGroup;
			children = (
				00F2F10E2886ED89008C0710 /* Base */,
			);
			name = Main.storyboard;
			sourceTree = "<group>";
		};
		00F2F1122886ED8B008C0710 /* LaunchScreen.storyboard */ = {
			isa = PBXVariantGroup;
			children = (
				00F2F1132886ED8B008C0710 /* Base */,
			);
			name = LaunchScreen.storyboard;
			sourceTree = "<group>";
		};
/* End PBXVariantGroup section */

/* Begin XCBuildConfiguration section */
		00F2F1162886ED8B008C0710 /* Debug */ = {
			isa = XCBuildConfiguration;
			buildSettings = {
				ALWAYS_SEARCH_USER_PATHS = NO;
				CLANG_ANALYZER_NONNULL = YES;
				CLANG_ANALYZER_NUMBER_OBJECT_CONVERSION = YES_AGGRESSIVE;
				CLANG_CXX_LANGUAGE_STANDARD = "gnu++17";
				CLANG_ENABLE_MODULES = YES;
				CLANG_ENABLE_OBJC_ARC = YES;
				CLANG_ENABLE_OBJC_WEAK = YES;
				CLANG_WARN_BLOCK_CAPTURE_AUTORELEASING = YES;
				CLANG_WARN_BOOL_CONVERSION = YES;
				CLANG_WARN_COMMA = YES;
				CLANG_WARN_CONSTANT_CONVERSION = YES;
				CLANG_WARN_DEPRECATED_OBJC_IMPLEMENTATIONS = YES;
				CLANG_WARN_DIRECT_OBJC_ISA_USAGE = YES_ERROR;
				CLANG_WARN_DOCUMENTATION_COMMENTS = YES;
				CLANG_WARN_EMPTY_BODY = YES;
				CLANG_WARN_ENUM_CONVERSION = YES;
				CLANG_WARN_INFINITE_RECURSION = YES;
				CLANG_WARN_INT_CONVERSION = YES;
				CLANG_WARN_NON_LITERAL_NULL_CONVERSION = YES;
				CLANG_WARN_OBJC_IMPLICIT_RETAIN_SELF = YES;
				CLANG_WARN_OBJC_LITERAL_CONVERSION = YES;
				CLANG_WARN_OBJC_ROOT_CLASS = YES_ERROR;
				CLANG_WARN_QUOTED_INCLUDE_IN_FRAMEWORK_HEADER = YES;
				CLANG_WARN_RANGE_LOOP_ANALYSIS = YES;
				CLANG_WARN_STRICT_PROTOTYPES = YES;
				CLANG_WARN_SUSPICIOUS_MOVE = YES;
				CLANG_WARN_UNGUARDED_AVAILABILITY = YES_AGGRESSIVE;
				CLANG_WARN_UNREACHABLE_CODE = YES;
				CLANG_WARN__DUPLICATE_METHOD_MATCH = YES;
				COPY_PHASE_STRIP = NO;
				DEBUG_INFORMATION_FORMAT = dwarf;
				ENABLE_STRICT_OBJC_MSGSEND = YES;
				ENABLE_TESTABILITY = YES;
				GCC_C_LANGUAGE_STANDARD = gnu11;
				GCC_DYNAMIC_NO_PIC = NO;
				GCC_NO_COMMON_BLOCKS = YES;
				GCC_OPTIMIZATION_LEVEL = 0;
				GCC_PREPROCESSOR_DEFINITIONS = (
					"DEBUG=1",
					"$(inherited)",
				);
				GCC_WARN_64_TO_32_BIT_CONVERSION = YES;
				GCC_WARN_ABOUT_RETURN_TYPE = YES_ERROR;
				GCC_WARN_UNDECLARED_SELECTOR = YES;
				GCC_WARN_UNINITIALIZED_AUTOS = YES_AGGRESSIVE;
				GCC_WARN_UNUSED_FUNCTION = YES;
				GCC_WARN_UNUSED_VARIABLE = YES;
				IPHONEOS_DEPLOYMENT_TARGET = 15.5;
				MTL_ENABLE_DEBUG_INFO = INCLUDE_SOURCE;
				MTL_FAST_MATH = YES;
				ONLY_ACTIVE_ARCH = YES;
				SDKROOT = iphoneos;
				SWIFT_ACTIVE_COMPILATION_CONDITIONS = DEBUG;
				SWIFT_OPTIMIZATION_LEVEL = "-Onone";
			};
			name = Debug;
		};
		00F2F1172886ED8B008C0710 /* Release */ = {
			isa = XCBuildConfiguration;
			buildSettings = {
				ALWAYS_SEARCH_USER_PATHS = NO;
				CLANG_ANALYZER_NONNULL = YES;
				CLANG_ANALYZER_NUMBER_OBJECT_CONVERSION = YES_AGGRESSIVE;
				CLANG_CXX_LANGUAGE_STANDARD = "gnu++17";
				CLANG_ENABLE_MODULES = YES;
				CLANG_ENABLE_OBJC_ARC = YES;
				CLANG_ENABLE_OBJC_WEAK = YES;
				CLANG_WARN_BLOCK_CAPTURE_AUTORELEASING = YES;
				CLANG_WARN_BOOL_CONVERSION = YES;
				CLANG_WARN_COMMA = YES;
				CLANG_WARN_CONSTANT_CONVERSION = YES;
				CLANG_WARN_DEPRECATED_OBJC_IMPLEMENTATIONS = YES;
				CLANG_WARN_DIRECT_OBJC_ISA_USAGE = YES_ERROR;
				CLANG_WARN_DOCUMENTATION_COMMENTS = YES;
				CLANG_WARN_EMPTY_BODY = YES;
				CLANG_WARN_ENUM_CONVERSION = YES;
				CLANG_WARN_INFINITE_RECURSION = YES;
				CLANG_WARN_INT_CONVERSION = YES;
				CLANG_WARN_NON_LITERAL_NULL_CONVERSION = YES;
				CLANG_WARN_OBJC_IMPLICIT_RETAIN_SELF = YES;
				CLANG_WARN_OBJC_LITERAL_CONVERSION = YES;
				CLANG_WARN_OBJC_ROOT_CLASS = YES_ERROR;
				CLANG_WARN_QUOTED_INCLUDE_IN_FRAMEWORK_HEADER = YES;
				CLANG_WARN_RANGE_LOOP_ANALYSIS = YES;
				CLANG_WARN_STRICT_PROTOTYPES = YES;
				CLANG_WARN_SUSPICIOUS_MOVE = YES;
				CLANG_WARN_UNGUARDED_AVAILABILITY = YES_AGGRESSIVE;
				CLANG_WARN_UNREACHABLE_CODE = YES;
				CLANG_WARN__DUPLICATE_METHOD_MATCH = YES;
				COPY_PHASE_STRIP = NO;
				DEBUG_INFORMATION_FORMAT = "dwarf-with-dsym";
				ENABLE_NS_ASSERTIONS = NO;
				ENABLE_STRICT_OBJC_MSGSEND = YES;
				GCC_C_LANGUAGE_STANDARD = gnu11;
				GCC_NO_COMMON_BLOCKS = YES;
				GCC_WARN_64_TO_32_BIT_CONVERSION = YES;
				GCC_WARN_ABOUT_RETURN_TYPE = YES_ERROR;
				GCC_WARN_UNDECLARED_SELECTOR = YES;
				GCC_WARN_UNINITIALIZED_AUTOS = YES_AGGRESSIVE;
				GCC_WARN_UNUSED_FUNCTION = YES;
				GCC_WARN_UNUSED_VARIABLE = YES;
				IPHONEOS_DEPLOYMENT_TARGET = 15.5;
				MTL_ENABLE_DEBUG_INFO = NO;
				MTL_FAST_MATH = YES;
				SDKROOT = iphoneos;
				SWIFT_COMPILATION_MODE = wholemodule;
				SWIFT_OPTIMIZATION_LEVEL = "-O";
				VALIDATE_PRODUCT = YES;
			};
			name = Release;
		};
		00F2F1192886ED8B008C0710 /* Debug */ = {
			isa = XCBuildConfiguration;
			buildSettings = {
				ASSETCATALOG_COMPILER_APPICON_NAME = AppIcon;
				ASSETCATALOG_COMPILER_GLOBAL_ACCENT_COLOR_NAME = AccentColor;
				CODE_SIGN_STYLE = Automatic;
				CURRENT_PROJECT_VERSION = 1;
				DEVELOPMENT_TEAM = W9FSXFWG34;
				GENERATE_INFOPLIST_FILE = YES;
				INFOPLIST_FILE = MusicPlayers/Info.plist;
				INFOPLIST_KEY_UIApplicationSupportsIndirectInputEvents = YES;
				INFOPLIST_KEY_UILaunchStoryboardName = LaunchScreen;
				INFOPLIST_KEY_UIMainStoryboardFile = Main;
				INFOPLIST_KEY_UISupportedInterfaceOrientations = "";
				INFOPLIST_KEY_UISupportedInterfaceOrientations_iPad = "UIInterfaceOrientationPortrait UIInterfaceOrientationPortraitUpsideDown UIInterfaceOrientationLandscapeLeft UIInterfaceOrientationLandscapeRight";
				INFOPLIST_KEY_UISupportedInterfaceOrientations_iPhone = "UIInterfaceOrientationPortrait UIInterfaceOrientationLandscapeLeft UIInterfaceOrientationLandscapeRight";
				LD_RUNPATH_SEARCH_PATHS = (
					"$(inherited)",
					"@executable_path/Frameworks",
				);
				MARKETING_VERSION = 1.0;
				PRODUCT_BUNDLE_IDENTIFIER = com.artem.MusicPlayers;
				PRODUCT_NAME = "$(TARGET_NAME)";
				SWIFT_EMIT_LOC_STRINGS = YES;
				SWIFT_VERSION = 5.0;
				TARGETED_DEVICE_FAMILY = "1,2";
			};
			name = Debug;
		};
		00F2F11A2886ED8B008C0710 /* Release */ = {
			isa = XCBuildConfiguration;
			buildSettings = {
				ASSETCATALOG_COMPILER_APPICON_NAME = AppIcon;
				ASSETCATALOG_COMPILER_GLOBAL_ACCENT_COLOR_NAME = AccentColor;
				CODE_SIGN_STYLE = Automatic;
				CURRENT_PROJECT_VERSION = 1;
				DEVELOPMENT_TEAM = W9FSXFWG34;
				GENERATE_INFOPLIST_FILE = YES;
				INFOPLIST_FILE = MusicPlayers/Info.plist;
				INFOPLIST_KEY_UIApplicationSupportsIndirectInputEvents = YES;
				INFOPLIST_KEY_UILaunchStoryboardName = LaunchScreen;
				INFOPLIST_KEY_UIMainStoryboardFile = Main;
				INFOPLIST_KEY_UISupportedInterfaceOrientations = "";
				INFOPLIST_KEY_UISupportedInterfaceOrientations_iPad = "UIInterfaceOrientationPortrait UIInterfaceOrientationPortraitUpsideDown UIInterfaceOrientationLandscapeLeft UIInterfaceOrientationLandscapeRight";
				INFOPLIST_KEY_UISupportedInterfaceOrientations_iPhone = "UIInterfaceOrientationPortrait UIInterfaceOrientationLandscapeLeft UIInterfaceOrientationLandscapeRight";
				LD_RUNPATH_SEARCH_PATHS = (
					"$(inherited)",
					"@executable_path/Frameworks",
				);
				MARKETING_VERSION = 1.0;
				PRODUCT_BUNDLE_IDENTIFIER = com.artem.MusicPlayers;
				PRODUCT_NAME = "$(TARGET_NAME)";
				SWIFT_EMIT_LOC_STRINGS = YES;
				SWIFT_VERSION = 5.0;
				TARGETED_DEVICE_FAMILY = "1,2";
			};
			name = Release;
		};
/* End XCBuildConfiguration section */

/* Begin XCConfigurationList section */
		00F2F0FF2886ED89008C0710 /* Build configuration list for PBXProject "MusicPlayers" */ = {
			isa = XCConfigurationList;
			buildConfigurations = (
				00F2F1162886ED8B008C0710 /* Debug */,
				00F2F1172886ED8B008C0710 /* Release */,
			);
			defaultConfigurationIsVisible = 0;
			defaultConfigurationName = Release;
		};
		00F2F1182886ED8B008C0710 /* Build configuration list for PBXNativeTarget "MusicPlayers" */ = {
			isa = XCConfigurationList;
			buildConfigurations = (
				00F2F1192886ED8B008C0710 /* Debug */,
				00F2F11A2886ED8B008C0710 /* Release */,
			);
			defaultConfigurationIsVisible = 0;
			defaultConfigurationName = Release;
		};
/* End XCConfigurationList section */

/* Begin XCRemoteSwiftPackageReference section */
		00F2F12A28875BEC008C0710 /* XCRemoteSwiftPackageReference "Kingfisher" */ = {
			isa = XCRemoteSwiftPackageReference;
			repositoryURL = "https://github.com/onevcat/Kingfisher.git";
			requirement = {
				kind = upToNextMajorVersion;
				minimumVersion = 7.0.0;
			};
		};
/* End XCRemoteSwiftPackageReference section */

/* Begin XCSwiftPackageProductDependency section */
		00F2F12B28875BEC008C0710 /* Kingfisher */ = {
			isa = XCSwiftPackageProductDependency;
			package = 00F2F12A28875BEC008C0710 /* XCRemoteSwiftPackageReference "Kingfisher" */;
			productName = Kingfisher;
		};
/* End XCSwiftPackageProductDependency section */
	};
	rootObject = 00F2F0FC2886ED89008C0710 /* Project object */;
}
